
Microsoft Visual Studio Solution File, Format Version 12.00
# Visual Studio Version 17
VisualStudioVersion = 17.8.34330.188
MinimumVisualStudioVersion = 10.0.40219.1
Project("{FAE04EC0-301F-11D3-BF4B-00C04F79EFBC}") = "Allergies", "Allergies\Allergies.csproj", "{0BDD9F91-F07D-4098-AE59-7CB7643715B5}"
EndProject
Global
	GlobalSection(SolutionConfigurationPlatforms) = preSolution
		Debug|Any CPU = Debug|Any CPU
		Release|Any CPU = Release|Any CPU
	EndGlobalSection
	GlobalSection(ProjectConfigurationPlatforms) = postSolution
		{0BDD9F91-F07D-4098-AE59-7CB7643715B5}.Debug|Any CPU.ActiveCfg = Debug|Any CPU
		{0BDD9F91-F07D-4098-AE59-7CB7643715B5}.Debug|Any CPU.Build.0 = Debug|Any CPU
		{0BDD9F91-F07D-4098-AE59-7CB7643715B5}.Release|Any CPU.ActiveCfg = Release|Any CPU
		{0BDD9F91-F07D-4098-AE59-7CB7643715B5}.Release|Any CPU.Build.0 = Release|Any CPU
	EndGlobalSection
	GlobalSection(SolutionProperties) = preSolution
		HideSolutionNode = FALSE
	EndGlobalSection
	GlobalSection(ExtensibilityGlobals) = postSolution
		SolutionGuid = {8250FE8B-DBFA-4677-9871-015AE8C42DAA}
	EndGlobalSection
EndGlobal
